
Microsoft Visual Studio Solution File, Format Version 12.00
# Visual Studio Version 17
VisualStudioVersion = 17.9.34407.89
MinimumVisualStudioVersion = 10.0.40219.1
Project("{9A19103F-16F7-4668-BE54-9A1E7A4F7556}") = "TerraMours_Gpt_Api", "TerraMours_Gpt_Api.csproj", "{584C8BD0-C34D-4CEC-BC2F-CF1C047D2452}"
EndProject
Global
	GlobalSection(SolutionConfigurationPlatforms) = preSolution
		Debug|Any CPU = Debug|Any CPU
		Release|Any CPU = Release|Any CPU
	EndGlobalSection
	GlobalSection(ProjectConfigurationPlatforms) = postSolution
		{584C8BD0-C34D-4CEC-BC2F-CF1C047D2452}.Debug|Any CPU.ActiveCfg = Debug|Any CPU
		{584C8BD0-C34D-4CEC-BC2F-CF1C047D2452}.Debug|Any CPU.Build.0 = Debug|Any CPU
		{584C8BD0-C34D-4CEC-BC2F-CF1C047D2452}.Release|Any CPU.ActiveCfg = Release|Any CPU
		{584C8BD0-C34D-4CEC-BC2F-CF1C047D2452}.Release|Any CPU.Build.0 = Release|Any CPU
	EndGlobalSection
	GlobalSection(SolutionProperties) = preSolution
		HideSolutionNode = FALSE
	EndGlobalSection
	GlobalSection(ExtensibilityGlobals) = postSolution
		SolutionGuid = {8338A547-03FE-41D6-A497-D8A672EB3576}
	EndGlobalSection
EndGlobal
